<?xml version="1.0" encoding="utf-8"?>
<Project ToolsVersion="4.0" xmlns="http://schemas.microsoft.com/developer/msbuild/2003">
  <ItemGroup>
    <Filter Include="소스 파일">
      <UniqueIdentifier>{4FC737F1-C7A5-4376-A066-2A32D752A2FF}</UniqueIdentifier>
      <Extensions>cpp;c;cc;cxx;c++;cppm;ixx;def;odl;idl;hpj;bat;asm;asmx</Extensions>
    </Filter>
    <Filter Include="헤더 파일">
      <UniqueIdentifier>{93995380-89BD-4b04-88EB-625FBE52EBFB}</UniqueIdentifier>
      <Extensions>h;hh;hpp;hxx;h++;hm;inl;inc;ipp;xsd</Extensions>
    </Filter>
    <Filter Include="리소스 파일">
      <UniqueIdentifier>{67DA6AB6-F800-4c08-8B7A-83BB121AAD01}</UniqueIdentifier>
      <Extensions>rc;ico;cur;bmp;dlg;rc2;rct;bin;rgs;gif;jpg;jpeg;jpe;resx;tiff;tif;png;wav;mfcribbon-ms</Extensions>
    </Filter>
    <Filter Include="시인">
      <UniqueIdentifier>{e5819995-9ffc-4808-8f3d-931762e9a355}</UniqueIdentifier>
    </Filter>
    <Filter Include="PoetWar">
      <UniqueIdentifier>{65748bbb-1c63-49fc-9898-d60522c11bc6}</UniqueIdentifier>
    </Filter>
    <Filter Include="필드 맵">
      <UniqueIdentifier>{4070eaf5-d9dc-4fe6-a652-46bc22caa50f}</UniqueIdentifier>
    </Filter>
    <Filter Include="플레이어">
      <UniqueIdentifier>{d3973db1-81d7-4287-b5b0-d40cfc49a183}</UniqueIdentifier>
    </Filter>
    <Filter Include="게임 구조">
      <UniqueIdentifier>{864bc54a-fce0-431c-8189-98448760de58}</UniqueIdentifier>
    </Filter>
  </ItemGroup>
  <ItemGroup>
    <ClCompile Include="PoetWar.cpp">
      <Filter>PoetWar</Filter>
    </ClCompile>
    <ClCompile Include="Poet.cpp">
      <Filter>시인</Filter>
    </ClCompile>
    <ClCompile Include="TwilightPoet.cpp">
      <Filter>시인</Filter>
    </ClCompile>
    <ClCompile Include="KimSowol.cpp">
      <Filter>시인</Filter>
    </ClCompile>
    <ClCompile Include="Kenji.cpp">
      <Filter>시인</Filter>
    </ClCompile>
    <ClCompile Include="Goethe.cpp">
      <Filter>시인</Filter>
    </ClCompile>
    <ClCompile Include="Dante.cpp">
      <Filter>시인</Filter>
    </ClCompile>
    <ClCompile Include="Conan.cpp">
      <Filter>시인</Filter>
    </ClCompile>
    <ClCompile Include="Charles.cpp">
      <Filter>시인</Filter>
    </ClCompile>
    <ClCompile Include="Map.cpp">
      <Filter>필드 맵</Filter>
    </ClCompile>
    <ClCompile Include="GameRule.cpp">
      <Filter>게임 구조</Filter>
    </ClCompile>
    <ClCompile Include="Player.cpp">
      <Filter>플레이어</Filter>
    </ClCompile>
  </ItemGroup>
  <ItemGroup>
    <ClInclude Include="PoetWar.h">
      <Filter>PoetWar</Filter>
    </ClInclude>
    <ClInclude Include="Poet.h">
      <Filter>시인</Filter>
    </ClInclude>
    <ClInclude Include="TwilightPoet.h">
      <Filter>시인</Filter>
    </ClInclude>
    <ClInclude Include="KimSowol.h">
      <Filter>시인</Filter>
    </ClInclude>
    <ClInclude Include="Kenji.h">
      <Filter>시인</Filter>
    </ClInclude>
    <ClInclude Include="Goethe.h">
      <Filter>시인</Filter>
    </ClInclude>
    <ClInclude Include="Dante.h">
      <Filter>시인</Filter>
    </ClInclude>
    <ClInclude Include="Conan.h">
      <Filter>시인</Filter>
    </ClInclude>
    <ClInclude Include="Charles.h">
      <Filter>시인</Filter>
    </ClInclude>
    <ClInclude Include="Map.h">
      <Filter>필드 맵</Filter>
    </ClInclude>
    <ClInclude Include="GameRule.h">
      <Filter>게임 구조</Filter>
    </ClInclude>
    <ClInclude Include="Player.h">
      <Filter>플레이어</Filter>
    </ClInclude>
  </ItemGroup>
</Project>